
Microsoft Visual Studio Solution File, Format Version 12.00
# Visual Studio 15
VisualStudioVersion = 15.0.27703.2035
MinimumVisualStudioVersion = 10.0.40219.1
Project("{FAE04EC0-301F-11D3-BF4B-00C04F79EFBC}") = "CompanyX.Android", "CompanyX\CompanyX.Android\CompanyX.Android.csproj", "{5F73C5E6-FC3E-4D82-9D8C-CFE896787752}"
EndProject
Project("{FAE04EC0-301F-11D3-BF4B-00C04F79EFBC}") = "CompanyX.iOS", "CompanyX\CompanyX.iOS\CompanyX.iOS.csproj", "{9A4A3AA2-A130-4035-8D3E-BE904B5B6E05}"
EndProject
Project("{FAE04EC0-301F-11D3-BF4B-00C04F79EFBC}") = "CompanyX.UWP", "CompanyX\CompanyX.UWP\CompanyX.UWP.csproj", "{D6CB070B-BD52-472F-B195-CB6447AFBF9C}"
EndProject
Project("{9A19103F-16F7-4668-BE54-9A1E7A4F7556}") = "CompanyX", "CompanyX\CompanyX\CompanyX.csproj", "{7DD4E526-90E0-419D-9C1B-C1FB5AFE9FB8}"
EndProject
Project("{FAE04EC0-301F-11D3-BF4B-00C04F79EFBC}") = "CompanyX.Common", "CompanyX.Common\CompanyX.Common.csproj", "{28443C25-C09D-4220-B299-F0089CDF0844}"
EndProject
Project("{FAE04EC0-301F-11D3-BF4B-00C04F79EFBC}") = "CompanyX.Data", "CompanyX.Data\CompanyX.Data.csproj", "{9C752AC3-631D-488D-8D46-A4E7F8BF0D73}"
EndProject
Global
	GlobalSection(SolutionConfigurationPlatforms) = preSolution
		Ad-Hoc|Any CPU = Ad-Hoc|Any CPU
		Ad-Hoc|ARM = Ad-Hoc|ARM
		Ad-Hoc|iPhone = Ad-Hoc|iPhone
		Ad-Hoc|iPhoneSimulator = Ad-Hoc|iPhoneSimulator
		Ad-Hoc|x64 = Ad-Hoc|x64
		Ad-Hoc|x86 = Ad-Hoc|x86
		AppStore|Any CPU = AppStore|Any CPU
		AppStore|ARM = AppStore|ARM
		AppStore|iPhone = AppStore|iPhone
		AppStore|iPhoneSimulator = AppStore|iPhoneSimulator
		AppStore|x64 = AppStore|x64
		AppStore|x86 = AppStore|x86
		Debug|Any CPU = Debug|Any CPU
		Debug|ARM = Debug|ARM
		Debug|iPhone = Debug|iPhone
		Debug|iPhoneSimulator = Debug|iPhoneSimulator
		Debug|x64 = Debug|x64
		Debug|x86 = Debug|x86
		Release|Any CPU = Release|Any CPU
		Release|ARM = Release|ARM
		Release|iPhone = Release|iPhone
		Release|iPhoneSimulator = Release|iPhoneSimulator
		Release|x64 = Release|x64
		Release|x86 = Release|x86
	EndGlobalSection
	GlobalSection(ProjectConfigurationPlatforms) = postSolution
		{5F73C5E6-FC3E-4D82-9D8C-CFE896787752}.Ad-Hoc|Any CPU.ActiveCfg = Release|Any CPU
		{5F73C5E6-FC3E-4D82-9D8C-CFE896787752}.Ad-Hoc|Any CPU.Build.0 = Release|Any CPU
		{5F73C5E6-FC3E-4D82-9D8C-CFE896787752}.Ad-Hoc|Any CPU.Deploy.0 = Release|Any CPU
		{5F73C5E6-FC3E-4D82-9D8C-CFE896787752}.Ad-Hoc|ARM.ActiveCfg = Release|Any CPU
		{5F73C5E6-FC3E-4D82-9D8C-CFE896787752}.Ad-Hoc|ARM.Build.0 = Release|Any CPU
		{5F73C5E6-FC3E-4D82-9D8C-CFE896787752}.Ad-Hoc|ARM.Deploy.0 = Release|Any CPU
		{5F73C5E6-FC3E-4D82-9D8C-CFE896787752}.Ad-Hoc|iPhone.ActiveCfg = Release|Any CPU
		{5F73C5E6-FC3E-4D82-9D8C-CFE896787752}.Ad-Hoc|iPhone.Build.0 = Release|Any CPU
		{5F73C5E6-FC3E-4D82-9D8C-CFE896787752}.Ad-Hoc|iPhone.Deploy.0 = Release|Any CPU
		{5F73C5E6-FC3E-4D82-9D8C-CFE896787752}.Ad-Hoc|iPhoneSimulator.ActiveCfg = Release|Any CPU
		{5F73C5E6-FC3E-4D82-9D8C-CFE896787752}.Ad-Hoc|iPhoneSimulator.Build.0 = Release|Any CPU
		{5F73C5E6-FC3E-4D82-9D8C-CFE896787752}.Ad-Hoc|iPhoneSimulator.Deploy.0 = Release|Any CPU
		{5F73C5E6-FC3E-4D82-9D8C-CFE896787752}.Ad-Hoc|x64.ActiveCfg = Release|Any CPU
		{5F73C5E6-FC3E-4D82-9D8C-CFE896787752}.Ad-Hoc|x64.Build.0 = Release|Any CPU
		{5F73C5E6-FC3E-4D82-9D8C-CFE896787752}.Ad-Hoc|x64.Deploy.0 = Release|Any CPU
		{5F73C5E6-FC3E-4D82-9D8C-CFE896787752}.Ad-Hoc|x86.ActiveCfg = Release|Any CPU
		{5F73C5E6-FC3E-4D82-9D8C-CFE896787752}.Ad-Hoc|x86.Build.0 = Release|Any CPU
		{5F73C5E6-FC3E-4D82-9D8C-CFE896787752}.Ad-Hoc|x86.Deploy.0 = Release|Any CPU
		{5F73C5E6-FC3E-4D82-9D8C-CFE896787752}.AppStore|Any CPU.ActiveCfg = Release|Any CPU
		{5F73C5E6-FC3E-4D82-9D8C-CFE896787752}.AppStore|Any CPU.Build.0 = Release|Any CPU
		{5F73C5E6-FC3E-4D82-9D8C-CFE896787752}.AppStore|Any CPU.Deploy.0 = Release|Any CPU
		{5F73C5E6-FC3E-4D82-9D8C-CFE896787752}.AppStore|ARM.ActiveCfg = Release|Any CPU
		{5F73C5E6-FC3E-4D82-9D8C-CFE896787752}.AppStore|ARM.Build.0 = Release|Any CPU
		{5F73C5E6-FC3E-4D82-9D8C-CFE896787752}.AppStore|ARM.Deploy.0 = Release|Any CPU
		{5F73C5E6-FC3E-4D82-9D8C-CFE896787752}.AppStore|iPhone.ActiveCfg = Release|Any CPU
		{5F73C5E6-FC3E-4D82-9D8C-CFE896787752}.AppStore|iPhone.Build.0 = Release|Any CPU
		{5F73C5E6-FC3E-4D82-9D8C-CFE896787752}.AppStore|iPhone.Deploy.0 = Release|Any CPU
		{5F73C5E6-FC3E-4D82-9D8C-CFE896787752}.AppStore|iPhoneSimulator.ActiveCfg = Release|Any CPU
		{5F73C5E6-FC3E-4D82-9D8C-CFE896787752}.AppStore|iPhoneSimulator.Build.0 = Release|Any CPU
		{5F73C5E6-FC3E-4D82-9D8C-CFE896787752}.AppStore|iPhoneSimulator.Deploy.0 = Release|Any CPU
		{5F73C5E6-FC3E-4D82-9D8C-CFE896787752}.AppStore|x64.ActiveCfg = Release|Any CPU
		{5F73C5E6-FC3E-4D82-9D8C-CFE896787752}.AppStore|x64.Build.0 = Release|Any CPU
		{5F73C5E6-FC3E-4D82-9D8C-CFE896787752}.AppStore|x64.Deploy.0 = Release|Any CPU
		{5F73C5E6-FC3E-4D82-9D8C-CFE896787752}.AppStore|x86.ActiveCfg = Release|Any CPU
		{5F73C5E6-FC3E-4D82-9D8C-CFE896787752}.AppStore|x86.Build.0 = Release|Any CPU
		{5F73C5E6-FC3E-4D82-9D8C-CFE896787752}.AppStore|x86.Deploy.0 = Release|Any CPU
		{5F73C5E6-FC3E-4D82-9D8C-CFE896787752}.Debug|Any CPU.ActiveCfg = Debug|Any CPU
		{5F73C5E6-FC3E-4D82-9D8C-CFE896787752}.Debug|Any CPU.Build.0 = Debug|Any CPU
		{5F73C5E6-FC3E-4D82-9D8C-CFE896787752}.Debug|Any CPU.Deploy.0 = Debug|Any CPU
		{5F73C5E6-FC3E-4D82-9D8C-CFE896787752}.Debug|ARM.ActiveCfg = Debug|Any CPU
		{5F73C5E6-FC3E-4D82-9D8C-CFE896787752}.Debug|ARM.Build.0 = Debug|Any CPU
		{5F73C5E6-FC3E-4D82-9D8C-CFE896787752}.Debug|ARM.Deploy.0 = Debug|Any CPU
		{5F73C5E6-FC3E-4D82-9D8C-CFE896787752}.Debug|iPhone.ActiveCfg = Debug|Any CPU
		{5F73C5E6-FC3E-4D82-9D8C-CFE896787752}.Debug|iPhone.Build.0 = Debug|Any CPU
		{5F73C5E6-FC3E-4D82-9D8C-CFE896787752}.Debug|iPhone.Deploy.0 = Debug|Any CPU
		{5F73C5E6-FC3E-4D82-9D8C-CFE896787752}.Debug|iPhoneSimulator.ActiveCfg = Debug|Any CPU
		{5F73C5E6-FC3E-4D82-9D8C-CFE896787752}.Debug|iPhoneSimulator.Build.0 = Debug|Any CPU
		{5F73C5E6-FC3E-4D82-9D8C-CFE896787752}.Debug|iPhoneSimulator.Deploy.0 = Debug|Any CPU
		{5F73C5E6-FC3E-4D82-9D8C-CFE896787752}.Debug|x64.ActiveCfg = Debug|Any CPU
		{5F73C5E6-FC3E-4D82-9D8C-CFE896787752}.Debug|x64.Build.0 = Debug|Any CPU
		{5F73C5E6-FC3E-4D82-9D8C-CFE896787752}.Debug|x64.Deploy.0 = Debug|Any CPU
		{5F73C5E6-FC3E-4D82-9D8C-CFE896787752}.Debug|x86.ActiveCfg = Debug|Any CPU
		{5F73C5E6-FC3E-4D82-9D8C-CFE896787752}.Debug|x86.Build.0 = Debug|Any CPU
		{5F73C5E6-FC3E-4D82-9D8C-CFE896787752}.Debug|x86.Deploy.0 = Debug|Any CPU
		{5F73C5E6-FC3E-4D82-9D8C-CFE896787752}.Release|Any CPU.ActiveCfg = Release|Any CPU
		{5F73C5E6-FC3E-4D82-9D8C-CFE896787752}.Release|Any CPU.Build.0 = Release|Any CPU
		{5F73C5E6-FC3E-4D82-9D8C-CFE896787752}.Release|Any CPU.Deploy.0 = Release|Any CPU
		{5F73C5E6-FC3E-4D82-9D8C-CFE896787752}.Release|ARM.ActiveCfg = Release|Any CPU
		{5F73C5E6-FC3E-4D82-9D8C-CFE896787752}.Release|ARM.Build.0 = Release|Any CPU
		{5F73C5E6-FC3E-4D82-9D8C-CFE896787752}.Release|ARM.Deploy.0 = Release|Any CPU
		{5F73C5E6-FC3E-4D82-9D8C-CFE896787752}.Release|iPhone.ActiveCfg = Release|Any CPU
		{5F73C5E6-FC3E-4D82-9D8C-CFE896787752}.Release|iPhone.Build.0 = Release|Any CPU
		{5F73C5E6-FC3E-4D82-9D8C-CFE896787752}.Release|iPhone.Deploy.0 = Release|Any CPU
		{5F73C5E6-FC3E-4D82-9D8C-CFE896787752}.Release|iPhoneSimulator.ActiveCfg = Release|Any CPU
		{5F73C5E6-FC3E-4D82-9D8C-CFE896787752}.Release|iPhoneSimulator.Build.0 = Release|Any CPU
		{5F73C5E6-FC3E-4D82-9D8C-CFE896787752}.Release|iPhoneSimulator.Deploy.0 = Release|Any CPU
		{5F73C5E6-FC3E-4D82-9D8C-CFE896787752}.Release|x64.ActiveCfg = Release|Any CPU
		{5F73C5E6-FC3E-4D82-9D8C-CFE896787752}.Release|x64.Build.0 = Release|Any CPU
		{5F73C5E6-FC3E-4D82-9D8C-CFE896787752}.Release|x64.Deploy.0 = Release|Any CPU
		{5F73C5E6-FC3E-4D82-9D8C-CFE896787752}.Release|x86.ActiveCfg = Release|Any CPU
		{5F73C5E6-FC3E-4D82-9D8C-CFE896787752}.Release|x86.Build.0 = Release|Any CPU
		{5F73C5E6-FC3E-4D82-9D8C-CFE896787752}.Release|x86.Deploy.0 = Release|Any CPU
		{9A4A3AA2-A130-4035-8D3E-BE904B5B6E05}.Ad-Hoc|Any CPU.ActiveCfg = Ad-Hoc|iPhone
		{9A4A3AA2-A130-4035-8D3E-BE904B5B6E05}.Ad-Hoc|Any CPU.Build.0 = Ad-Hoc|iPhone
		{9A4A3AA2-A130-4035-8D3E-BE904B5B6E05}.Ad-Hoc|Any CPU.Deploy.0 = Ad-Hoc|iPhone
		{9A4A3AA2-A130-4035-8D3E-BE904B5B6E05}.Ad-Hoc|ARM.ActiveCfg = Ad-Hoc|iPhone
		{9A4A3AA2-A130-4035-8D3E-BE904B5B6E05}.Ad-Hoc|ARM.Build.0 = Ad-Hoc|iPhone
		{9A4A3AA2-A130-4035-8D3E-BE904B5B6E05}.Ad-Hoc|ARM.Deploy.0 = Ad-Hoc|iPhone
		{9A4A3AA2-A130-4035-8D3E-BE904B5B6E05}.Ad-Hoc|iPhone.ActiveCfg = Ad-Hoc|iPhone
		{9A4A3AA2-A130-4035-8D3E-BE904B5B6E05}.Ad-Hoc|iPhone.Build.0 = Ad-Hoc|iPhone
		{9A4A3AA2-A130-4035-8D3E-BE904B5B6E05}.Ad-Hoc|iPhone.Deploy.0 = Ad-Hoc|iPhone
		{9A4A3AA2-A130-4035-8D3E-BE904B5B6E05}.Ad-Hoc|iPhoneSimulator.ActiveCfg = Ad-Hoc|iPhoneSimulator
		{9A4A3AA2-A130-4035-8D3E-BE904B5B6E05}.Ad-Hoc|iPhoneSimulator.Build.0 = Ad-Hoc|iPhoneSimulator
		{9A4A3AA2-A130-4035-8D3E-BE904B5B6E05}.Ad-Hoc|iPhoneSimulator.Deploy.0 = Ad-Hoc|iPhoneSimulator
		{9A4A3AA2-A130-4035-8D3E-BE904B5B6E05}.Ad-Hoc|x64.ActiveCfg = Ad-Hoc|iPhone
		{9A4A3AA2-A130-4035-8D3E-BE904B5B6E05}.Ad-Hoc|x64.Build.0 = Ad-Hoc|iPhone
		{9A4A3AA2-A130-4035-8D3E-BE904B5B6E05}.Ad-Hoc|x64.Deploy.0 = Ad-Hoc|iPhone
		{9A4A3AA2-A130-4035-8D3E-BE904B5B6E05}.Ad-Hoc|x86.ActiveCfg = Ad-Hoc|iPhone
		{9A4A3AA2-A130-4035-8D3E-BE904B5B6E05}.Ad-Hoc|x86.Build.0 = Ad-Hoc|iPhone
		{9A4A3AA2-A130-4035-8D3E-BE904B5B6E05}.Ad-Hoc|x86.Deploy.0 = Ad-Hoc|iPhone
		{9A4A3AA2-A130-4035-8D3E-BE904B5B6E05}.AppStore|Any CPU.ActiveCfg = AppStore|iPhone
		{9A4A3AA2-A130-4035-8D3E-BE904B5B6E05}.AppStore|Any CPU.Build.0 = AppStore|iPhone
		{9A4A3AA2-A130-4035-8D3E-BE904B5B6E05}.AppStore|Any CPU.Deploy.0 = AppStore|iPhone
		{9A4A3AA2-A130-4035-8D3E-BE904B5B6E05}.AppStore|ARM.ActiveCfg = AppStore|iPhone
		{9A4A3AA2-A130-4035-8D3E-BE904B5B6E05}.AppStore|ARM.Build.0 = AppStore|iPhone
		{9A4A3AA2-A130-4035-8D3E-BE904B5B6E05}.AppStore|ARM.Deploy.0 = AppStore|iPhone
		{9A4A3AA2-A130-4035-8D3E-BE904B5B6E05}.AppStore|iPhone.ActiveCfg = AppStore|iPhone
		{9A4A3AA2-A130-4035-8D3E-BE904B5B6E05}.AppStore|iPhone.Build.0 = AppStore|iPhone
		{9A4A3AA2-A130-4035-8D3E-BE904B5B6E05}.AppStore|iPhone.Deploy.0 = AppStore|iPhone
		{9A4A3AA2-A130-4035-8D3E-BE904B5B6E05}.AppStore|iPhoneSimulator.ActiveCfg = AppStore|iPhoneSimulator
		{9A4A3AA2-A130-4035-8D3E-BE904B5B6E05}.AppStore|iPhoneSimulator.Build.0 = AppStore|iPhoneSimulator
		{9A4A3AA2-A130-4035-8D3E-BE904B5B6E05}.AppStore|iPhoneSimulator.Deploy.0 = AppStore|iPhoneSimulator
		{9A4A3AA2-A130-4035-8D3E-BE904B5B6E05}.AppStore|x64.ActiveCfg = AppStore|iPhone
		{9A4A3AA2-A130-4035-8D3E-BE904B5B6E05}.AppStore|x64.Build.0 = AppStore|iPhone
		{9A4A3AA2-A130-4035-8D3E-BE904B5B6E05}.AppStore|x64.Deploy.0 = AppStore|iPhone
		{9A4A3AA2-A130-4035-8D3E-BE904B5B6E05}.AppStore|x86.ActiveCfg = AppStore|iPhone
		{9A4A3AA2-A130-4035-8D3E-BE904B5B6E05}.AppStore|x86.Build.0 = AppStore|iPhone
		{9A4A3AA2-A130-4035-8D3E-BE904B5B6E05}.AppStore|x86.Deploy.0 = AppStore|iPhone
		{9A4A3AA2-A130-4035-8D3E-BE904B5B6E05}.Debug|Any CPU.ActiveCfg = Debug|iPhoneSimulator
		{9A4A3AA2-A130-4035-8D3E-BE904B5B6E05}.Debug|Any CPU.Build.0 = Debug|iPhoneSimulator
		{9A4A3AA2-A130-4035-8D3E-BE904B5B6E05}.Debug|Any CPU.Deploy.0 = Debug|iPhoneSimulator
		{9A4A3AA2-A130-4035-8D3E-BE904B5B6E05}.Debug|ARM.ActiveCfg = Debug|iPhone
		{9A4A3AA2-A130-4035-8D3E-BE904B5B6E05}.Debug|ARM.Build.0 = Debug|iPhone
		{9A4A3AA2-A130-4035-8D3E-BE904B5B6E05}.Debug|ARM.Deploy.0 = Debug|iPhone
		{9A4A3AA2-A130-4035-8D3E-BE904B5B6E05}.Debug|iPhone.ActiveCfg = Debug|iPhone
		{9A4A3AA2-A130-4035-8D3E-BE904B5B6E05}.Debug|iPhone.Build.0 = Debug|iPhone
		{9A4A3AA2-A130-4035-8D3E-BE904B5B6E05}.Debug|iPhone.Deploy.0 = Debug|iPhone
		{9A4A3AA2-A130-4035-8D3E-BE904B5B6E05}.Debug|iPhoneSimulator.ActiveCfg = Debug|iPhoneSimulator
		{9A4A3AA2-A130-4035-8D3E-BE904B5B6E05}.Debug|iPhoneSimulator.Build.0 = Debug|iPhoneSimulator
		{9A4A3AA2-A130-4035-8D3E-BE904B5B6E05}.Debug|iPhoneSimulator.Deploy.0 = Debug|iPhoneSimulator
		{9A4A3AA2-A130-4035-8D3E-BE904B5B6E05}.Debug|x64.ActiveCfg = Debug|iPhone
		{9A4A3AA2-A130-4035-8D3E-BE904B5B6E05}.Debug|x64.Build.0 = Debug|iPhone
		{9A4A3AA2-A130-4035-8D3E-BE904B5B6E05}.Debug|x64.Deploy.0 = Debug|iPhone
		{9A4A3AA2-A130-4035-8D3E-BE904B5B6E05}.Debug|x86.ActiveCfg = Debug|iPhone
		{9A4A3AA2-A130-4035-8D3E-BE904B5B6E05}.Debug|x86.Build.0 = Debug|iPhone
		{9A4A3AA2-A130-4035-8D3E-BE904B5B6E05}.Debug|x86.Deploy.0 = Debug|iPhone
		{9A4A3AA2-A130-4035-8D3E-BE904B5B6E05}.Release|Any CPU.ActiveCfg = Release|iPhone
		{9A4A3AA2-A130-4035-8D3E-BE904B5B6E05}.Release|Any CPU.Build.0 = Release|iPhone
		{9A4A3AA2-A130-4035-8D3E-BE904B5B6E05}.Release|Any CPU.Deploy.0 = Release|iPhone
		{9A4A3AA2-A130-4035-8D3E-BE904B5B6E05}.Release|ARM.ActiveCfg = Release|iPhone
		{9A4A3AA2-A130-4035-8D3E-BE904B5B6E05}.Release|ARM.Build.0 = Release|iPhone
		{9A4A3AA2-A130-4035-8D3E-BE904B5B6E05}.Release|ARM.Deploy.0 = Release|iPhone
		{9A4A3AA2-A130-4035-8D3E-BE904B5B6E05}.Release|iPhone.ActiveCfg = Release|iPhone
		{9A4A3AA2-A130-4035-8D3E-BE904B5B6E05}.Release|iPhone.Build.0 = Release|iPhone
		{9A4A3AA2-A130-4035-8D3E-BE904B5B6E05}.Release|iPhone.Deploy.0 = Release|iPhone
		{9A4A3AA2-A130-4035-8D3E-BE904B5B6E05}.Release|iPhoneSimulator.ActiveCfg = Release|iPhoneSimulator
		{9A4A3AA2-A130-4035-8D3E-BE904B5B6E05}.Release|iPhoneSimulator.Build.0 = Release|iPhoneSimulator
		{9A4A3AA2-A130-4035-8D3E-BE904B5B6E05}.Release|iPhoneSimulator.Deploy.0 = Release|iPhoneSimulator
		{9A4A3AA2-A130-4035-8D3E-BE904B5B6E05}.Release|x64.ActiveCfg = Release|iPhone
		{9A4A3AA2-A130-4035-8D3E-BE904B5B6E05}.Release|x64.Build.0 = Release|iPhone
		{9A4A3AA2-A130-4035-8D3E-BE904B5B6E05}.Release|x64.Deploy.0 = Release|iPhone
		{9A4A3AA2-A130-4035-8D3E-BE904B5B6E05}.Release|x86.ActiveCfg = Release|iPhone
		{9A4A3AA2-A130-4035-8D3E-BE904B5B6E05}.Release|x86.Build.0 = Release|iPhone
		{9A4A3AA2-A130-4035-8D3E-BE904B5B6E05}.Release|x86.Deploy.0 = Release|iPhone
		{D6CB070B-BD52-472F-B195-CB6447AFBF9C}.Ad-Hoc|Any CPU.ActiveCfg = Release|x86
		{D6CB070B-BD52-472F-B195-CB6447AFBF9C}.Ad-Hoc|Any CPU.Build.0 = Release|x86
		{D6CB070B-BD52-472F-B195-CB6447AFBF9C}.Ad-Hoc|Any CPU.Deploy.0 = Release|x86
		{D6CB070B-BD52-472F-B195-CB6447AFBF9C}.Ad-Hoc|ARM.ActiveCfg = Release|ARM
		{D6CB070B-BD52-472F-B195-CB6447AFBF9C}.Ad-Hoc|ARM.Build.0 = Release|ARM
		{D6CB070B-BD52-472F-B195-CB6447AFBF9C}.Ad-Hoc|ARM.Deploy.0 = Release|ARM
		{D6CB070B-BD52-472F-B195-CB6447AFBF9C}.Ad-Hoc|iPhone.ActiveCfg = Release|x86
		{D6CB070B-BD52-472F-B195-CB6447AFBF9C}.Ad-Hoc|iPhone.Build.0 = Release|x86
		{D6CB070B-BD52-472F-B195-CB6447AFBF9C}.Ad-Hoc|iPhone.Deploy.0 = Release|x86
		{D6CB070B-BD52-472F-B195-CB6447AFBF9C}.Ad-Hoc|iPhoneSimulator.ActiveCfg = Release|x86
		{D6CB070B-BD52-472F-B195-CB6447AFBF9C}.Ad-Hoc|iPhoneSimulator.Build.0 = Release|x86
		{D6CB070B-BD52-472F-B195-CB6447AFBF9C}.Ad-Hoc|iPhoneSimulator.Deploy.0 = Release|x86
		{D6CB070B-BD52-472F-B195-CB6447AFBF9C}.Ad-Hoc|x64.ActiveCfg = Release|x64
		{D6CB070B-BD52-472F-B195-CB6447AFBF9C}.Ad-Hoc|x64.Build.0 = Release|x64
		{D6CB070B-BD52-472F-B195-CB6447AFBF9C}.Ad-Hoc|x64.Deploy.0 = Release|x64
		{D6CB070B-BD52-472F-B195-CB6447AFBF9C}.Ad-Hoc|x86.ActiveCfg = Release|x86
		{D6CB070B-BD52-472F-B195-CB6447AFBF9C}.Ad-Hoc|x86.Build.0 = Release|x86
		{D6CB070B-BD52-472F-B195-CB6447AFBF9C}.Ad-Hoc|x86.Deploy.0 = Release|x86
		{D6CB070B-BD52-472F-B195-CB6447AFBF9C}.AppStore|Any CPU.ActiveCfg = Release|x86
		{D6CB070B-BD52-472F-B195-CB6447AFBF9C}.AppStore|Any CPU.Build.0 = Release|x86
		{D6CB070B-BD52-472F-B195-CB6447AFBF9C}.AppStore|Any CPU.Deploy.0 = Release|x86
		{D6CB070B-BD52-472F-B195-CB6447AFBF9C}.AppStore|ARM.ActiveCfg = Release|ARM
		{D6CB070B-BD52-472F-B195-CB6447AFBF9C}.AppStore|ARM.Build.0 = Release|ARM
		{D6CB070B-BD52-472F-B195-CB6447AFBF9C}.AppStore|ARM.Deploy.0 = Release|ARM
		{D6CB070B-BD52-472F-B195-CB6447AFBF9C}.AppStore|iPhone.ActiveCfg = Release|x86
		{D6CB070B-BD52-472F-B195-CB6447AFBF9C}.AppStore|iPhone.Build.0 = Release|x86
		{D6CB070B-BD52-472F-B195-CB6447AFBF9C}.AppStore|iPhone.Deploy.0 = Release|x86
		{D6CB070B-BD52-472F-B195-CB6447AFBF9C}.AppStore|iPhoneSimulator.ActiveCfg = Release|x86
		{D6CB070B-BD52-472F-B195-CB6447AFBF9C}.AppStore|iPhoneSimulator.Build.0 = Release|x86
		{D6CB070B-BD52-472F-B195-CB6447AFBF9C}.AppStore|iPhoneSimulator.Deploy.0 = Release|x86
		{D6CB070B-BD52-472F-B195-CB6447AFBF9C}.AppStore|x64.ActiveCfg = Release|x64
		{D6CB070B-BD52-472F-B195-CB6447AFBF9C}.AppStore|x64.Build.0 = Release|x64
		{D6CB070B-BD52-472F-B195-CB6447AFBF9C}.AppStore|x64.Deploy.0 = Release|x64
		{D6CB070B-BD52-472F-B195-CB6447AFBF9C}.AppStore|x86.ActiveCfg = Release|x86
		{D6CB070B-BD52-472F-B195-CB6447AFBF9C}.AppStore|x86.Build.0 = Release|x86
		{D6CB070B-BD52-472F-B195-CB6447AFBF9C}.AppStore|x86.Deploy.0 = Release|x86
		{D6CB070B-BD52-472F-B195-CB6447AFBF9C}.Debug|Any CPU.ActiveCfg = Debug|x86
		{D6CB070B-BD52-472F-B195-CB6447AFBF9C}.Debug|Any CPU.Build.0 = Debug|x86
		{D6CB070B-BD52-472F-B195-CB6447AFBF9C}.Debug|Any CPU.Deploy.0 = Debug|x86
		{D6CB070B-BD52-472F-B195-CB6447AFBF9C}.Debug|ARM.ActiveCfg = Debug|ARM
		{D6CB070B-BD52-472F-B195-CB6447AFBF9C}.Debug|ARM.Build.0 = Debug|ARM
		{D6CB070B-BD52-472F-B195-CB6447AFBF9C}.Debug|ARM.Deploy.0 = Debug|ARM
		{D6CB070B-BD52-472F-B195-CB6447AFBF9C}.Debug|iPhone.ActiveCfg = Debug|x86
		{D6CB070B-BD52-472F-B195-CB6447AFBF9C}.Debug|iPhone.Build.0 = Debug|x86
		{D6CB070B-BD52-472F-B195-CB6447AFBF9C}.Debug|iPhone.Deploy.0 = Debug|x86
		{D6CB070B-BD52-472F-B195-CB6447AFBF9C}.Debug|iPhoneSimulator.ActiveCfg = Debug|x86
		{D6CB070B-BD52-472F-B195-CB6447AFBF9C}.Debug|iPhoneSimulator.Build.0 = Debug|x86
		{D6CB070B-BD52-472F-B195-CB6447AFBF9C}.Debug|iPhoneSimulator.Deploy.0 = Debug|x86
		{D6CB070B-BD52-472F-B195-CB6447AFBF9C}.Debug|x64.ActiveCfg = Debug|x64
		{D6CB070B-BD52-472F-B195-CB6447AFBF9C}.Debug|x64.Build.0 = Debug|x64
		{D6CB070B-BD52-472F-B195-CB6447AFBF9C}.Debug|x64.Deploy.0 = Debug|x64
		{D6CB070B-BD52-472F-B195-CB6447AFBF9C}.Debug|x86.ActiveCfg = Debug|x86
		{D6CB070B-BD52-472F-B195-CB6447AFBF9C}.Debug|x86.Build.0 = Debug|x86
		{D6CB070B-BD52-472F-B195-CB6447AFBF9C}.Debug|x86.Deploy.0 = Debug|x86
		{D6CB070B-BD52-472F-B195-CB6447AFBF9C}.Release|Any CPU.ActiveCfg = Release|x86
		{D6CB070B-BD52-472F-B195-CB6447AFBF9C}.Release|Any CPU.Build.0 = Release|x86
		{D6CB070B-BD52-472F-B195-CB6447AFBF9C}.Release|Any CPU.Deploy.0 = Release|x86
		{D6CB070B-BD52-472F-B195-CB6447AFBF9C}.Release|ARM.ActiveCfg = Release|ARM
		{D6CB070B-BD52-472F-B195-CB6447AFBF9C}.Release|ARM.Build.0 = Release|ARM
		{D6CB070B-BD52-472F-B195-CB6447AFBF9C}.Release|ARM.Deploy.0 = Release|ARM
		{D6CB070B-BD52-472F-B195-CB6447AFBF9C}.Release|iPhone.ActiveCfg = Release|x86
		{D6CB070B-BD52-472F-B195-CB6447AFBF9C}.Release|iPhone.Build.0 = Release|x86
		{D6CB070B-BD52-472F-B195-CB6447AFBF9C}.Release|iPhone.Deploy.0 = Release|x86
		{D6CB070B-BD52-472F-B195-CB6447AFBF9C}.Release|iPhoneSimulator.ActiveCfg = Release|x86
		{D6CB070B-BD52-472F-B195-CB6447AFBF9C}.Release|iPhoneSimulator.Build.0 = Release|x86
		{D6CB070B-BD52-472F-B195-CB6447AFBF9C}.Release|iPhoneSimulator.Deploy.0 = Release|x86
		{D6CB070B-BD52-472F-B195-CB6447AFBF9C}.Release|x64.ActiveCfg = Release|x64
		{D6CB070B-BD52-472F-B195-CB6447AFBF9C}.Release|x64.Build.0 = Release|x64
		{D6CB070B-BD52-472F-B195-CB6447AFBF9C}.Release|x64.Deploy.0 = Release|x64
		{D6CB070B-BD52-472F-B195-CB6447AFBF9C}.Release|x86.ActiveCfg = Release|x86
		{D6CB070B-BD52-472F-B195-CB6447AFBF9C}.Release|x86.Build.0 = Release|x86
		{D6CB070B-BD52-472F-B195-CB6447AFBF9C}.Release|x86.Deploy.0 = Release|x86
		{7DD4E526-90E0-419D-9C1B-C1FB5AFE9FB8}.Ad-Hoc|Any CPU.ActiveCfg = Debug|Any CPU
		{7DD4E526-90E0-419D-9C1B-C1FB5AFE9FB8}.Ad-Hoc|Any CPU.Build.0 = Debug|Any CPU
		{7DD4E526-90E0-419D-9C1B-C1FB5AFE9FB8}.Ad-Hoc|Any CPU.Deploy.0 = Debug|Any CPU
		{7DD4E526-90E0-419D-9C1B-C1FB5AFE9FB8}.Ad-Hoc|ARM.ActiveCfg = Debug|Any CPU
		{7DD4E526-90E0-419D-9C1B-C1FB5AFE9FB8}.Ad-Hoc|ARM.Build.0 = Debug|Any CPU
		{7DD4E526-90E0-419D-9C1B-C1FB5AFE9FB8}.Ad-Hoc|ARM.Deploy.0 = Debug|Any CPU
		{7DD4E526-90E0-419D-9C1B-C1FB5AFE9FB8}.Ad-Hoc|iPhone.ActiveCfg = Debug|Any CPU
		{7DD4E526-90E0-419D-9C1B-C1FB5AFE9FB8}.Ad-Hoc|iPhone.Build.0 = Debug|Any CPU
		{7DD4E526-90E0-419D-9C1B-C1FB5AFE9FB8}.Ad-Hoc|iPhone.Deploy.0 = Debug|Any CPU
		{7DD4E526-90E0-419D-9C1B-C1FB5AFE9FB8}.Ad-Hoc|iPhoneSimulator.ActiveCfg = Debug|Any CPU
		{7DD4E526-90E0-419D-9C1B-C1FB5AFE9FB8}.Ad-Hoc|iPhoneSimulator.Build.0 = Debug|Any CPU
		{7DD4E526-90E0-419D-9C1B-C1FB5AFE9FB8}.Ad-Hoc|iPhoneSimulator.Deploy.0 = Debug|Any CPU
		{7DD4E526-90E0-419D-9C1B-C1FB5AFE9FB8}.Ad-Hoc|x64.ActiveCfg = Debug|Any CPU
		{7DD4E526-90E0-419D-9C1B-C1FB5AFE9FB8}.Ad-Hoc|x64.Build.0 = Debug|Any CPU
		{7DD4E526-90E0-419D-9C1B-C1FB5AFE9FB8}.Ad-Hoc|x64.Deploy.0 = Debug|Any CPU
		{7DD4E526-90E0-419D-9C1B-C1FB5AFE9FB8}.Ad-Hoc|x86.ActiveCfg = Debug|Any CPU
		{7DD4E526-90E0-419D-9C1B-C1FB5AFE9FB8}.Ad-Hoc|x86.Build.0 = Debug|Any CPU
		{7DD4E526-90E0-419D-9C1B-C1FB5AFE9FB8}.Ad-Hoc|x86.Deploy.0 = Debug|Any CPU
		{7DD4E526-90E0-419D-9C1B-C1FB5AFE9FB8}.AppStore|Any CPU.ActiveCfg = Debug|Any CPU
		{7DD4E526-90E0-419D-9C1B-C1FB5AFE9FB8}.AppStore|Any CPU.Build.0 = Debug|Any CPU
		{7DD4E526-90E0-419D-9C1B-C1FB5AFE9FB8}.AppStore|Any CPU.Deploy.0 = Debug|Any CPU
		{7DD4E526-90E0-419D-9C1B-C1FB5AFE9FB8}.AppStore|ARM.ActiveCfg = Debug|Any CPU
		{7DD4E526-90E0-419D-9C1B-C1FB5AFE9FB8}.AppStore|ARM.Build.0 = Debug|Any CPU
		{7DD4E526-90E0-419D-9C1B-C1FB5AFE9FB8}.AppStore|ARM.Deploy.0 = Debug|Any CPU
		{7DD4E526-90E0-419D-9C1B-C1FB5AFE9FB8}.AppStore|iPhone.ActiveCfg = Debug|Any CPU
		{7DD4E526-90E0-419D-9C1B-C1FB5AFE9FB8}.AppStore|iPhone.Build.0 = Debug|Any CPU
		{7DD4E526-90E0-419D-9C1B-C1FB5AFE9FB8}.AppStore|iPhone.Deploy.0 = Debug|Any CPU
		{7DD4E526-90E0-419D-9C1B-C1FB5AFE9FB8}.AppStore|iPhoneSimulator.ActiveCfg = Debug|Any CPU
		{7DD4E526-90E0-419D-9C1B-C1FB5AFE9FB8}.AppStore|iPhoneSimulator.Build.0 = Debug|Any CPU
		{7DD4E526-90E0-419D-9C1B-C1FB5AFE9FB8}.AppStore|iPhoneSimulator.Deploy.0 = Debug|Any CPU
		{7DD4E526-90E0-419D-9C1B-C1FB5AFE9FB8}.AppStore|x64.ActiveCfg = Debug|Any CPU
		{7DD4E526-90E0-419D-9C1B-C1FB5AFE9FB8}.AppStore|x64.Build.0 = Debug|Any CPU
		{7DD4E526-90E0-419D-9C1B-C1FB5AFE9FB8}.AppStore|x64.Deploy.0 = Debug|Any CPU
		{7DD4E526-90E0-419D-9C1B-C1FB5AFE9FB8}.AppStore|x86.ActiveCfg = Debug|Any CPU
		{7DD4E526-90E0-419D-9C1B-C1FB5AFE9FB8}.AppStore|x86.Build.0 = Debug|Any CPU
		{7DD4E526-90E0-419D-9C1B-C1FB5AFE9FB8}.AppStore|x86.Deploy.0 = Debug|Any CPU
		{7DD4E526-90E0-419D-9C1B-C1FB5AFE9FB8}.Debug|Any CPU.ActiveCfg = Debug|Any CPU
		{7DD4E526-90E0-419D-9C1B-C1FB5AFE9FB8}.Debug|Any CPU.Build.0 = Debug|Any CPU
		{7DD4E526-90E0-419D-9C1B-C1FB5AFE9FB8}.Debug|Any CPU.Deploy.0 = Debug|Any CPU
		{7DD4E526-90E0-419D-9C1B-C1FB5AFE9FB8}.Debug|ARM.ActiveCfg = Debug|Any CPU
		{7DD4E526-90E0-419D-9C1B-C1FB5AFE9FB8}.Debug|ARM.Build.0 = Debug|Any CPU
		{7DD4E526-90E0-419D-9C1B-C1FB5AFE9FB8}.Debug|ARM.Deploy.0 = Debug|Any CPU
		{7DD4E526-90E0-419D-9C1B-C1FB5AFE9FB8}.Debug|iPhone.ActiveCfg = Debug|Any CPU
		{7DD4E526-90E0-419D-9C1B-C1FB5AFE9FB8}.Debug|iPhone.Build.0 = Debug|Any CPU
		{7DD4E526-90E0-419D-9C1B-C1FB5AFE9FB8}.Debug|iPhone.Deploy.0 = Debug|Any CPU
		{7DD4E526-90E0-419D-9C1B-C1FB5AFE9FB8}.Debug|iPhoneSimulator.ActiveCfg = Debug|Any CPU
		{7DD4E526-90E0-419D-9C1B-C1FB5AFE9FB8}.Debug|iPhoneSimulator.Build.0 = Debug|Any CPU
		{7DD4E526-90E0-419D-9C1B-C1FB5AFE9FB8}.Debug|iPhoneSimulator.Deploy.0 = Debug|Any CPU
		{7DD4E526-90E0-419D-9C1B-C1FB5AFE9FB8}.Debug|x64.ActiveCfg = Debug|Any CPU
		{7DD4E526-90E0-419D-9C1B-C1FB5AFE9FB8}.Debug|x64.Build.0 = Debug|Any CPU
		{7DD4E526-90E0-419D-9C1B-C1FB5AFE9FB8}.Debug|x64.Deploy.0 = Debug|Any CPU
		{7DD4E526-90E0-419D-9C1B-C1FB5AFE9FB8}.Debug|x86.ActiveCfg = Debug|Any CPU
		{7DD4E526-90E0-419D-9C1B-C1FB5AFE9FB8}.Debug|x86.Build.0 = Debug|Any CPU
		{7DD4E526-90E0-419D-9C1B-C1FB5AFE9FB8}.Debug|x86.Deploy.0 = Debug|Any CPU
		{7DD4E526-90E0-419D-9C1B-C1FB5AFE9FB8}.Release|Any CPU.ActiveCfg = Release|Any CPU
		{7DD4E526-90E0-419D-9C1B-C1FB5AFE9FB8}.Release|Any CPU.Build.0 = Release|Any CPU
		{7DD4E526-90E0-419D-9C1B-C1FB5AFE9FB8}.Release|Any CPU.Deploy.0 = Release|Any CPU
		{7DD4E526-90E0-419D-9C1B-C1FB5AFE9FB8}.Release|ARM.ActiveCfg = Release|Any CPU
		{7DD4E526-90E0-419D-9C1B-C1FB5AFE9FB8}.Release|ARM.Build.0 = Release|Any CPU
		{7DD4E526-90E0-419D-9C1B-C1FB5AFE9FB8}.Release|ARM.Deploy.0 = Release|Any CPU
		{7DD4E526-90E0-419D-9C1B-C1FB5AFE9FB8}.Release|iPhone.ActiveCfg = Release|Any CPU
		{7DD4E526-90E0-419D-9C1B-C1FB5AFE9FB8}.Release|iPhone.Build.0 = Release|Any CPU
		{7DD4E526-90E0-419D-9C1B-C1FB5AFE9FB8}.Release|iPhone.Deploy.0 = Release|Any CPU
		{7DD4E526-90E0-419D-9C1B-C1FB5AFE9FB8}.Release|iPhoneSimulator.ActiveCfg = Release|Any CPU
		{7DD4E526-90E0-419D-9C1B-C1FB5AFE9FB8}.Release|iPhoneSimulator.Build.0 = Release|Any CPU
		{7DD4E526-90E0-419D-9C1B-C1FB5AFE9FB8}.Release|iPhoneSimulator.Deploy.0 = Release|Any CPU
		{7DD4E526-90E0-419D-9C1B-C1FB5AFE9FB8}.Release|x64.ActiveCfg = Release|Any CPU
		{7DD4E526-90E0-419D-9C1B-C1FB5AFE9FB8}.Release|x64.Build.0 = Release|Any CPU
		{7DD4E526-90E0-419D-9C1B-C1FB5AFE9FB8}.Release|x64.Deploy.0 = Release|Any CPU
		{7DD4E526-90E0-419D-9C1B-C1FB5AFE9FB8}.Release|x86.ActiveCfg = Release|Any CPU
		{7DD4E526-90E0-419D-9C1B-C1FB5AFE9FB8}.Release|x86.Build.0 = Release|Any CPU
		{7DD4E526-90E0-419D-9C1B-C1FB5AFE9FB8}.Release|x86.Deploy.0 = Release|Any CPU
		{28443C25-C09D-4220-B299-F0089CDF0844}.Ad-Hoc|Any CPU.ActiveCfg = Debug|Any CPU
		{28443C25-C09D-4220-B299-F0089CDF0844}.Ad-Hoc|Any CPU.Build.0 = Debug|Any CPU
		{28443C25-C09D-4220-B299-F0089CDF0844}.Ad-Hoc|ARM.ActiveCfg = Debug|Any CPU
		{28443C25-C09D-4220-B299-F0089CDF0844}.Ad-Hoc|ARM.Build.0 = Debug|Any CPU
		{28443C25-C09D-4220-B299-F0089CDF0844}.Ad-Hoc|iPhone.ActiveCfg = Debug|Any CPU
		{28443C25-C09D-4220-B299-F0089CDF0844}.Ad-Hoc|iPhone.Build.0 = Debug|Any CPU
		{28443C25-C09D-4220-B299-F0089CDF0844}.Ad-Hoc|iPhoneSimulator.ActiveCfg = Debug|Any CPU
		{28443C25-C09D-4220-B299-F0089CDF0844}.Ad-Hoc|iPhoneSimulator.Build.0 = Debug|Any CPU
		{28443C25-C09D-4220-B299-F0089CDF0844}.Ad-Hoc|x64.ActiveCfg = Debug|Any CPU
		{28443C25-C09D-4220-B299-F0089CDF0844}.Ad-Hoc|x64.Build.0 = Debug|Any CPU
		{28443C25-C09D-4220-B299-F0089CDF0844}.Ad-Hoc|x86.ActiveCfg = Debug|Any CPU
		{28443C25-C09D-4220-B299-F0089CDF0844}.Ad-Hoc|x86.Build.0 = Debug|Any CPU
		{28443C25-C09D-4220-B299-F0089CDF0844}.AppStore|Any CPU.ActiveCfg = Debug|Any CPU
		{28443C25-C09D-4220-B299-F0089CDF0844}.AppStore|Any CPU.Build.0 = Debug|Any CPU
		{28443C25-C09D-4220-B299-F0089CDF0844}.AppStore|ARM.ActiveCfg = Debug|Any CPU
		{28443C25-C09D-4220-B299-F0089CDF0844}.AppStore|ARM.Build.0 = Debug|Any CPU
		{28443C25-C09D-4220-B299-F0089CDF0844}.AppStore|iPhone.ActiveCfg = Debug|Any CPU
		{28443C25-C09D-4220-B299-F0089CDF0844}.AppStore|iPhone.Build.0 = Debug|Any CPU
		{28443C25-C09D-4220-B299-F0089CDF0844}.AppStore|iPhoneSimulator.ActiveCfg = Debug|Any CPU
		{28443C25-C09D-4220-B299-F0089CDF0844}.AppStore|iPhoneSimulator.Build.0 = Debug|Any CPU
		{28443C25-C09D-4220-B299-F0089CDF0844}.AppStore|x64.ActiveCfg = Debug|Any CPU
		{28443C25-C09D-4220-B299-F0089CDF0844}.AppStore|x64.Build.0 = Debug|Any CPU
		{28443C25-C09D-4220-B299-F0089CDF0844}.AppStore|x86.ActiveCfg = Debug|Any CPU
		{28443C25-C09D-4220-B299-F0089CDF0844}.AppStore|x86.Build.0 = Debug|Any CPU
		{28443C25-C09D-4220-B299-F0089CDF0844}.Debug|Any CPU.ActiveCfg = Debug|Any CPU
		{28443C25-C09D-4220-B299-F0089CDF0844}.Debug|Any CPU.Build.0 = Debug|Any CPU
		{28443C25-C09D-4220-B299-F0089CDF0844}.Debug|ARM.ActiveCfg = Debug|Any CPU
		{28443C25-C09D-4220-B299-F0089CDF0844}.Debug|ARM.Build.0 = Debug|Any CPU
		{28443C25-C09D-4220-B299-F0089CDF0844}.Debug|iPhone.ActiveCfg = Debug|Any CPU
		{28443C25-C09D-4220-B299-F0089CDF0844}.Debug|iPhone.Build.0 = Debug|Any CPU
		{28443C25-C09D-4220-B299-F0089CDF0844}.Debug|iPhoneSimulator.ActiveCfg = Debug|Any CPU
		{28443C25-C09D-4220-B299-F0089CDF0844}.Debug|iPhoneSimulator.Build.0 = Debug|Any CPU
		{28443C25-C09D-4220-B299-F0089CDF0844}.Debug|x64.ActiveCfg = Debug|Any CPU
		{28443C25-C09D-4220-B299-F0089CDF0844}.Debug|x64.Build.0 = Debug|Any CPU
		{28443C25-C09D-4220-B299-F0089CDF0844}.Debug|x86.ActiveCfg = Debug|Any CPU
		{28443C25-C09D-4220-B299-F0089CDF0844}.Debug|x86.Build.0 = Debug|Any CPU
		{28443C25-C09D-4220-B299-F0089CDF0844}.Release|Any CPU.ActiveCfg = Release|Any CPU
		{28443C25-C09D-4220-B299-F0089CDF0844}.Release|Any CPU.Build.0 = Release|Any CPU
		{28443C25-C09D-4220-B299-F0089CDF0844}.Release|ARM.ActiveCfg = Release|Any CPU
		{28443C25-C09D-4220-B299-F0089CDF0844}.Release|ARM.Build.0 = Release|Any CPU
		{28443C25-C09D-4220-B299-F0089CDF0844}.Release|iPhone.ActiveCfg = Release|Any CPU
		{28443C25-C09D-4220-B299-F0089CDF0844}.Release|iPhone.Build.0 = Release|Any CPU
		{28443C25-C09D-4220-B299-F0089CDF0844}.Release|iPhoneSimulator.ActiveCfg = Release|Any CPU
		{28443C25-C09D-4220-B299-F0089CDF0844}.Release|iPhoneSimulator.Build.0 = Release|Any CPU
		{28443C25-C09D-4220-B299-F0089CDF0844}.Release|x64.ActiveCfg = Release|Any CPU
		{28443C25-C09D-4220-B299-F0089CDF0844}.Release|x64.Build.0 = Release|Any CPU
		{28443C25-C09D-4220-B299-F0089CDF0844}.Release|x86.ActiveCfg = Release|Any CPU
		{28443C25-C09D-4220-B299-F0089CDF0844}.Release|x86.Build.0 = Release|Any CPU
		{9C752AC3-631D-488D-8D46-A4E7F8BF0D73}.Ad-Hoc|Any CPU.ActiveCfg = Debug|Any CPU
		{9C752AC3-631D-488D-8D46-A4E7F8BF0D73}.Ad-Hoc|Any CPU.Build.0 = Debug|Any CPU
		{9C752AC3-631D-488D-8D46-A4E7F8BF0D73}.Ad-Hoc|ARM.ActiveCfg = Debug|Any CPU
		{9C752AC3-631D-488D-8D46-A4E7F8BF0D73}.Ad-Hoc|ARM.Build.0 = Debug|Any CPU
		{9C752AC3-631D-488D-8D46-A4E7F8BF0D73}.Ad-Hoc|iPhone.ActiveCfg = Debug|Any CPU
		{9C752AC3-631D-488D-8D46-A4E7F8BF0D73}.Ad-Hoc|iPhone.Build.0 = Debug|Any CPU
		{9C752AC3-631D-488D-8D46-A4E7F8BF0D73}.Ad-Hoc|iPhoneSimulator.ActiveCfg = Debug|Any CPU
		{9C752AC3-631D-488D-8D46-A4E7F8BF0D73}.Ad-Hoc|iPhoneSimulator.Build.0 = Debug|Any CPU
		{9C752AC3-631D-488D-8D46-A4E7F8BF0D73}.Ad-Hoc|x64.ActiveCfg = Debug|Any CPU
		{9C752AC3-631D-488D-8D46-A4E7F8BF0D73}.Ad-Hoc|x64.Build.0 = Debug|Any CPU
		{9C752AC3-631D-488D-8D46-A4E7F8BF0D73}.Ad-Hoc|x86.ActiveCfg = Debug|Any CPU
		{9C752AC3-631D-488D-8D46-A4E7F8BF0D73}.Ad-Hoc|x86.Build.0 = Debug|Any CPU
		{9C752AC3-631D-488D-8D46-A4E7F8BF0D73}.AppStore|Any CPU.ActiveCfg = Debug|Any CPU
		{9C752AC3-631D-488D-8D46-A4E7F8BF0D73}.AppStore|Any CPU.Build.0 = Debug|Any CPU
		{9C752AC3-631D-488D-8D46-A4E7F8BF0D73}.AppStore|ARM.ActiveCfg = Debug|Any CPU
		{9C752AC3-631D-488D-8D46-A4E7F8BF0D73}.AppStore|ARM.Build.0 = Debug|Any CPU
		{9C752AC3-631D-488D-8D46-A4E7F8BF0D73}.AppStore|iPhone.ActiveCfg = Debug|Any CPU
		{9C752AC3-631D-488D-8D46-A4E7F8BF0D73}.AppStore|iPhone.Build.0 = Debug|Any CPU
		{9C752AC3-631D-488D-8D46-A4E7F8BF0D73}.AppStore|iPhoneSimulator.ActiveCfg = Debug|Any CPU
		{9C752AC3-631D-488D-8D46-A4E7F8BF0D73}.AppStore|iPhoneSimulator.Build.0 = Debug|Any CPU
		{9C752AC3-631D-488D-8D46-A4E7F8BF0D73}.AppStore|x64.ActiveCfg = Debug|Any CPU
		{9C752AC3-631D-488D-8D46-A4E7F8BF0D73}.AppStore|x64.Build.0 = Debug|Any CPU
		{9C752AC3-631D-488D-8D46-A4E7F8BF0D73}.AppStore|x86.ActiveCfg = Debug|Any CPU
		{9C752AC3-631D-488D-8D46-A4E7F8BF0D73}.AppStore|x86.Build.0 = Debug|Any CPU
		{9C752AC3-631D-488D-8D46-A4E7F8BF0D73}.Debug|Any CPU.ActiveCfg = Debug|Any CPU
		{9C752AC3-631D-488D-8D46-A4E7F8BF0D73}.Debug|Any CPU.Build.0 = Debug|Any CPU
		{9C752AC3-631D-488D-8D46-A4E7F8BF0D73}.Debug|ARM.ActiveCfg = Debug|Any CPU
		{9C752AC3-631D-488D-8D46-A4E7F8BF0D73}.Debug|ARM.Build.0 = Debug|Any CPU
		{9C752AC3-631D-488D-8D46-A4E7F8BF0D73}.Debug|iPhone.ActiveCfg = Debug|Any CPU
		{9C752AC3-631D-488D-8D46-A4E7F8BF0D73}.Debug|iPhone.Build.0 = Debug|Any CPU
		{9C752AC3-631D-488D-8D46-A4E7F8BF0D73}.Debug|iPhoneSimulator.ActiveCfg = Debug|Any CPU
		{9C752AC3-631D-488D-8D46-A4E7F8BF0D73}.Debug|iPhoneSimulator.Build.0 = Debug|Any CPU
		{9C752AC3-631D-488D-8D46-A4E7F8BF0D73}.Debug|x64.ActiveCfg = Debug|Any CPU
		{9C752AC3-631D-488D-8D46-A4E7F8BF0D73}.Debug|x64.Build.0 = Debug|Any CPU
		{9C752AC3-631D-488D-8D46-A4E7F8BF0D73}.Debug|x86.ActiveCfg = Debug|Any CPU
		{9C752AC3-631D-488D-8D46-A4E7F8BF0D73}.Debug|x86.Build.0 = Debug|Any CPU
		{9C752AC3-631D-488D-8D46-A4E7F8BF0D73}.Release|Any CPU.ActiveCfg = Release|Any CPU
		{9C752AC3-631D-488D-8D46-A4E7F8BF0D73}.Release|Any CPU.Build.0 = Release|Any CPU
		{9C752AC3-631D-488D-8D46-A4E7F8BF0D73}.Release|ARM.ActiveCfg = Release|Any CPU
		{9C752AC3-631D-488D-8D46-A4E7F8BF0D73}.Release|ARM.Build.0 = Release|Any CPU
		{9C752AC3-631D-488D-8D46-A4E7F8BF0D73}.Release|iPhone.ActiveCfg = Release|Any CPU
		{9C752AC3-631D-488D-8D46-A4E7F8BF0D73}.Release|iPhone.Build.0 = Release|Any CPU
		{9C752AC3-631D-488D-8D46-A4E7F8BF0D73}.Release|iPhoneSimulator.ActiveCfg = Release|Any CPU
		{9C752AC3-631D-488D-8D46-A4E7F8BF0D73}.Release|iPhoneSimulator.Build.0 = Release|Any CPU
		{9C752AC3-631D-488D-8D46-A4E7F8BF0D73}.Release|x64.ActiveCfg = Release|Any CPU
		{9C752AC3-631D-488D-8D46-A4E7F8BF0D73}.Release|x64.Build.0 = Release|Any CPU
		{9C752AC3-631D-488D-8D46-A4E7F8BF0D73}.Release|x86.ActiveCfg = Release|Any CPU
		{9C752AC3-631D-488D-8D46-A4E7F8BF0D73}.Release|x86.Build.0 = Release|Any CPU
	EndGlobalSection
	GlobalSection(SolutionProperties) = preSolution
		HideSolutionNode = FALSE
	EndGlobalSection
	GlobalSection(ExtensibilityGlobals) = postSolution
		SolutionGuid = {5C4AD540-A479-4EEB-AE49-1B6B229BD14C}
	EndGlobalSection
EndGlobal
